# This file is automatically @generated by Cargo.
# It is not intended for manual editing.
version = 3

[[package]]
name = "xml-processor"
version = "0.1.0"
dependencies = [
 "xmltree",
]

[[package]]
name = "xml-rs"
version = "0.8.16"
source = "registry+https://github.com/rust-lang/crates.io-index"
checksum = "47430998a7b5d499ccee752b41567bc3afc57e1327dc855b1a2aa44ce29b5fa1"

[[package]]
name = "xmltree"
version = "0.10.3"
source = "registry+https://github.com/rust-lang/crates.io-index"
checksum = "d7d8a75eaf6557bb84a65ace8609883db44a29951042ada9b393151532e41fcb"
dependencies = [
 "xml-rs",
]
